
Microsoft Visual Studio Solution File, Format Version 12.00
# Visual Studio 14
VisualStudioVersion = 14.0.25420.1
MinimumVisualStudioVersion = 10.0.40219.1
Project("{FAE04EC0-301F-11D3-BF4B-00C04F79EFBC}") = "SqlHelpers", "SqlHelpers\SqlHelpers.csproj", "{20B9923B-4727-4A6E-98C8-214F03CCC94A}"
EndProject
Project("{FAE04EC0-301F-11D3-BF4B-00C04F79EFBC}") = "SqlHelperUnitTestProject", "SqlHelperUnitTestProject\SqlHelperUnitTestProject.csproj", "{17CD2EE5-D70F-438F-809C-F1D0845F9613}"
EndProject
Global
	GlobalSection(SolutionConfigurationPlatforms) = preSolution
		Debug|Any CPU = Debug|Any CPU
		Release|Any CPU = Release|Any CPU
	EndGlobalSection
	GlobalSection(ProjectConfigurationPlatforms) = postSolution
		{20B9923B-4727-4A6E-98C8-214F03CCC94A}.Debug|Any CPU.ActiveCfg = Debug|Any CPU
		{20B9923B-4727-4A6E-98C8-214F03CCC94A}.Debug|Any CPU.Build.0 = Debug|Any CPU
		{20B9923B-4727-4A6E-98C8-214F03CCC94A}.Release|Any CPU.ActiveCfg = Release|Any CPU
		{20B9923B-4727-4A6E-98C8-214F03CCC94A}.Release|Any CPU.Build.0 = Release|Any CPU
		{17CD2EE5-D70F-438F-809C-F1D0845F9613}.Debug|Any CPU.ActiveCfg = Debug|Any CPU
		{17CD2EE5-D70F-438F-809C-F1D0845F9613}.Debug|Any CPU.Build.0 = Debug|Any CPU
		{17CD2EE5-D70F-438F-809C-F1D0845F9613}.Release|Any CPU.ActiveCfg = Release|Any CPU
		{17CD2EE5-D70F-438F-809C-F1D0845F9613}.Release|Any CPU.Build.0 = Release|Any CPU
	EndGlobalSection
	GlobalSection(SolutionProperties) = preSolution
		HideSolutionNode = FALSE
	EndGlobalSection
EndGlobal
